{
  "name": "simpleprolog",
  "version": "0.0.1alpha",
  "lockfileVersion": 1,
  "requires": true,
  "dependencies": {
    "gelex": {
      "version": "0.0.7",
      "resolved": "https://registry.npmjs.org/gelex/-/gelex-0.0.7.tgz",
      "integrity": "sha512-WW8MOYb6kCepS3GdtKfQCYR6z1w0YJEEE4Bj75l2GK5yRl1F+NtR/n7NBjozuSYw2gP+EvE0XQGSRhVC/lSNSQ=="
    }
  }
}
